// !$*UTF8*$!
{
	archiveVersion = 1;
	classes = {
	};
	objectVersion = 46;
	objects = {

/* Begin PBXBuildFile section */
		14AE20106A61980E89F4EB7E /* Pods_Petto.framework in Frameworks */ = {isa = PBXBuildFile; fileRef = 4FFB37966AB2A2629803CA6C /* Pods_Petto.framework */; };
		84067B541F0B6C9600F01905 /* HomeCollectionViewCell.swift in Sources */ = {isa = PBXBuildFile; fileRef = 84067B521F0B6C9600F01905 /* HomeCollectionViewCell.swift */; };
		84067B551F0B6C9600F01905 /* HomeCollectionViewCell.xib in Resources */ = {isa = PBXBuildFile; fileRef = 84067B531F0B6C9600F01905 /* HomeCollectionViewCell.xib */; };
		840AB7F01F418475002EC329 /* PetDetailHeader.xib in Resources */ = {isa = PBXBuildFile; fileRef = 840AB7EF1F418475002EC329 /* PetDetailHeader.xib */; };
		840EE9551F4C7864004E9AF8 /* SearchViewController.swift in Sources */ = {isa = PBXBuildFile; fileRef = 840EE9541F4C7864004E9AF8 /* SearchViewController.swift */; };
		840EE9581F4D616C004E9AF8 /* SearchData.swift in Sources */ = {isa = PBXBuildFile; fileRef = 840EE9571F4D616C004E9AF8 /* SearchData.swift */; };
		841ADB181F0CA18C00534A37 /* MessagesViewController.swift in Sources */ = {isa = PBXBuildFile; fileRef = 841ADB171F0CA18C00534A37 /* MessagesViewController.swift */; };
		8420E0AD1F29C1300088E509 /* UserViewController.swift in Sources */ = {isa = PBXBuildFile; fileRef = 8420E0AC1F29C1300088E509 /* UserViewController.swift */; };
		8420E0AF1F29C95E0088E509 /* UserEditSectionHeader.xib in Resources */ = {isa = PBXBuildFile; fileRef = 8420E0AE1F29C95E0088E509 /* UserEditSectionHeader.xib */; };
		842732831F4FFA2400C32367 /* Common.swift in Sources */ = {isa = PBXBuildFile; fileRef = 842732821F4FFA2400C32367 /* Common.swift */; };
		842810A51F5526ED001A59D9 /* AccountViewController.swift in Sources */ = {isa = PBXBuildFile; fileRef = 842810A41F5526ED001A59D9 /* AccountViewController.swift */; };
		845F2E3E1F42C25B00526C1F /* UserDetailViewController.swift in Sources */ = {isa = PBXBuildFile; fileRef = 845F2E3D1F42C25B00526C1F /* UserDetailViewController.swift */; };
		845F2E401F42C41100526C1F /* UserDetailHeader.xib in Resources */ = {isa = PBXBuildFile; fileRef = 845F2E3F1F42C41100526C1F /* UserDetailHeader.xib */; };
		846705DE1F0F78BC00FFEA8D /* BaseViewController.swift in Sources */ = {isa = PBXBuildFile; fileRef = 846705DD1F0F78BC00FFEA8D /* BaseViewController.swift */; };
		846705E31F0F7C3D00FFEA8D /* MessageListViewController.swift in Sources */ = {isa = PBXBuildFile; fileRef = 846705E21F0F7C3D00FFEA8D /* MessageListViewController.swift */; };
		846705E61F0F81E400FFEA8D /* MessageListTableViewCell.swift in Sources */ = {isa = PBXBuildFile; fileRef = 846705E41F0F81E400FFEA8D /* MessageListTableViewCell.swift */; };
		846705E71F0F81E400FFEA8D /* MessageListTableViewCell.xib in Resources */ = {isa = PBXBuildFile; fileRef = 846705E51F0F81E400FFEA8D /* MessageListTableViewCell.xib */; };
		8470FD7E1F10C613002F4690 /* UserData.swift in Sources */ = {isa = PBXBuildFile; fileRef = 8470FD7D1F10C613002F4690 /* UserData.swift */; };
		847CA55E1F3ACD4E00C68672 /* LeaveViewController.swift in Sources */ = {isa = PBXBuildFile; fileRef = 847CA55D1F3ACD4E00C68672 /* LeaveViewController.swift */; };
		847CA5661F3AFFE500C68672 /* ConditionsCollectionViewCell.swift in Sources */ = {isa = PBXBuildFile; fileRef = 847CA5641F3AFFE400C68672 /* ConditionsCollectionViewCell.swift */; };
		847CA5671F3AFFE500C68672 /* ConditionsCollectionViewCell.xib in Resources */ = {isa = PBXBuildFile; fileRef = 847CA5651F3AFFE400C68672 /* ConditionsCollectionViewCell.xib */; };
		8480595D1F04CCB3003E2613 /* Const.swift in Sources */ = {isa = PBXBuildFile; fileRef = 8480595C1F04CCB3003E2613 /* Const.swift */; };
		8491640D1F288093007597F9 /* EditViewController.swift in Sources */ = {isa = PBXBuildFile; fileRef = 8491640C1F288093007597F9 /* EditViewController.swift */; };
		8491640F1F2884B7007597F9 /* EditSectionHeader.xib in Resources */ = {isa = PBXBuildFile; fileRef = 8491640E1F2884B7007597F9 /* EditSectionHeader.xib */; };
		849ED1E21F1CEE47003AD9F5 /* PetData.swift in Sources */ = {isa = PBXBuildFile; fileRef = 849ED1E11F1CEE47003AD9F5 /* PetData.swift */; };
		84A544911F443E4D00CD5617 /* ReserveViewController.swift in Sources */ = {isa = PBXBuildFile; fileRef = 84A544901F443E4D00CD5617 /* ReserveViewController.swift */; };
		84A847F41F28251200D898EC /* MyPetListViewController.swift in Sources */ = {isa = PBXBuildFile; fileRef = 84A847F31F28251200D898EC /* MyPetListViewController.swift */; };
		84A847F71F2826A900D898EC /* MyPetListTableViewCell.swift in Sources */ = {isa = PBXBuildFile; fileRef = 84A847F51F2826A900D898EC /* MyPetListTableViewCell.swift */; };
		84A847F81F2826A900D898EC /* MyPetListTableViewCell.xib in Resources */ = {isa = PBXBuildFile; fileRef = 84A847F61F2826A900D898EC /* MyPetListTableViewCell.xib */; };
		84AC70E71F11E43A001F7563 /* MessageData.swift in Sources */ = {isa = PBXBuildFile; fileRef = 84AC70E61F11E43A001F7563 /* MessageData.swift */; };
		84BB42201F413F1A007D867A /* PetDetailViewController.swift in Sources */ = {isa = PBXBuildFile; fileRef = 84BB421F1F413F1A007D867A /* PetDetailViewController.swift */; };
		84BC45A41F2729FE0017AF53 /* Assets.xcassets in Resources */ = {isa = PBXBuildFile; fileRef = 84BC45A31F2729FE0017AF53 /* Assets.xcassets */; };
		84CCE0091EFB791D0025B5D3 /* AppDelegate.swift in Sources */ = {isa = PBXBuildFile; fileRef = 84CCE0081EFB791D0025B5D3 /* AppDelegate.swift */; };
		84CCE00B1EFB791D0025B5D3 /* ViewController.swift in Sources */ = {isa = PBXBuildFile; fileRef = 84CCE00A1EFB791D0025B5D3 /* ViewController.swift */; };
		84CCE00E1EFB791D0025B5D3 /* Main.storyboard in Resources */ = {isa = PBXBuildFile; fileRef = 84CCE00C1EFB791D0025B5D3 /* Main.storyboard */; };
		84CCE0131EFB791D0025B5D3 /* LaunchScreen.storyboard in Resources */ = {isa = PBXBuildFile; fileRef = 84CCE0111EFB791D0025B5D3 /* LaunchScreen.storyboard */; };
		84CCE01B1EFB8B4B0025B5D3 /* LoginViewController.swift in Sources */ = {isa = PBXBuildFile; fileRef = 84CCE01A1EFB8B4B0025B5D3 /* LoginViewController.swift */; };
		84CCE01D1EFB8C040025B5D3 /* HomeViewController.swift in Sources */ = {isa = PBXBuildFile; fileRef = 84CCE01C1EFB8C040025B5D3 /* HomeViewController.swift */; };
		84CCE01F1EFB8C1C0025B5D3 /* ImageSelectViewController.swift in Sources */ = {isa = PBXBuildFile; fileRef = 84CCE01E1EFB8C1C0025B5D3 /* ImageSelectViewController.swift */; };
		84D253081F0217D700D877A9 /* LeftViewController.swift in Sources */ = {isa = PBXBuildFile; fileRef = 84D253071F0217D700D877A9 /* LeftViewController.swift */; };
		84D6CD2E1F1880DC000CA101 /* ImageRow.swift in Sources */ = {isa = PBXBuildFile; fileRef = 84D6CD2D1F1880DC000CA101 /* ImageRow.swift */; };
		84D6CD301F18817E000CA101 /* ImagePickerController.swift in Sources */ = {isa = PBXBuildFile; fileRef = 84D6CD2F1F18817E000CA101 /* ImagePickerController.swift */; };
		84D6CD331F18F7E3000CA101 /* CustomCells.swift in Sources */ = {isa = PBXBuildFile; fileRef = 84D6CD321F18F7E3000CA101 /* CustomCells.swift */; };
		84D6CD351F18F828000CA101 /* FloatLabelTextField.swift in Sources */ = {isa = PBXBuildFile; fileRef = 84D6CD341F18F828000CA101 /* FloatLabelTextField.swift */; };
		84DB3BFA1F540A490067A680 /* BookingViewController.swift in Sources */ = {isa = PBXBuildFile; fileRef = 84DB3BF91F540A490067A680 /* BookingViewController.swift */; };
		84DB3BFC1F543D5B0067A680 /* MessagesContainerViewController.swift in Sources */ = {isa = PBXBuildFile; fileRef = 84DB3BFB1F543D5B0067A680 /* MessagesContainerViewController.swift */; };
		84DB3BFE1F5453410067A680 /* RoomData.swift in Sources */ = {isa = PBXBuildFile; fileRef = 84DB3BFD1F5453410067A680 /* RoomData.swift */; };
		84F244191EFCE01400938F35 /* GoogleService-Info.plist in Resources */ = {isa = PBXBuildFile; fileRef = 84F244181EFCE01400938F35 /* GoogleService-Info.plist */; };
		84F6ACA81EFD01EE0086BBB9 /* AdobeCreativeSDKCore.framework in Frameworks */ = {isa = PBXBuildFile; fileRef = 84F6ACA41EFD01D30086BBB9 /* AdobeCreativeSDKCore.framework */; };
		84F6ACA91EFD01EE0086BBB9 /* AdobeCreativeSDKCore.framework in Embed Frameworks */ = {isa = PBXBuildFile; fileRef = 84F6ACA41EFD01D30086BBB9 /* AdobeCreativeSDKCore.framework */; settings = {ATTRIBUTES = (CodeSignOnCopy, RemoveHeadersOnCopy, ); }; };
		84F6ACAB1EFD01F20086BBB9 /* AdobeCreativeSDKImage.framework in Frameworks */ = {isa = PBXBuildFile; fileRef = 84F6ACA51EFD01D30086BBB9 /* AdobeCreativeSDKImage.framework */; };
		84F6ACAC1EFD01F20086BBB9 /* AdobeCreativeSDKImage.framework in Embed Frameworks */ = {isa = PBXBuildFile; fileRef = 84F6ACA51EFD01D30086BBB9 /* AdobeCreativeSDKImage.framework */; settings = {ATTRIBUTES = (CodeSignOnCopy, RemoveHeadersOnCopy, ); }; };
		84F6ACAE1EFD022C0086BBB9 /* libc++.tbd in Frameworks */ = {isa = PBXBuildFile; fileRef = 84F6ACAD1EFD022C0086BBB9 /* libc++.tbd */; };
		84F6ACB01EFD02350086BBB9 /* libz.tbd in Frameworks */ = {isa = PBXBuildFile; fileRef = 84F6ACAF1EFD02350086BBB9 /* libz.tbd */; };
		84F6ACB21EFD023C0086BBB9 /* libz.1.2.5.tbd in Frameworks */ = {isa = PBXBuildFile; fileRef = 84F6ACB11EFD023C0086BBB9 /* libz.1.2.5.tbd */; };
		84F6ACB41EFD02430086BBB9 /* libsqlite3.0.tbd in Frameworks */ = {isa = PBXBuildFile; fileRef = 84F6ACB31EFD02430086BBB9 /* libsqlite3.0.tbd */; };
		84F6ACB61EFD024A0086BBB9 /* MobileCoreServices.framework in Frameworks */ = {isa = PBXBuildFile; fileRef = 84F6ACB51EFD024A0086BBB9 /* MobileCoreServices.framework */; };
		84F6ACB81EFD02500086BBB9 /* SystemConfiguration.framework in Frameworks */ = {isa = PBXBuildFile; fileRef = 84F6ACB71EFD02500086BBB9 /* SystemConfiguration.framework */; };
		84F6ACBA1EFD02560086BBB9 /* Accelerate.framework in Frameworks */ = {isa = PBXBuildFile; fileRef = 84F6ACB91EFD02560086BBB9 /* Accelerate.framework */; };
		84F6ACBC1EFD025C0086BBB9 /* CoreData.framework in Frameworks */ = {isa = PBXBuildFile; fileRef = 84F6ACBB1EFD025C0086BBB9 /* CoreData.framework */; };
		84F6ACBE1EFD02630086BBB9 /* MessageUI.framework in Frameworks */ = {isa = PBXBuildFile; fileRef = 84F6ACBD1EFD02630086BBB9 /* MessageUI.framework */; };
		84F6ACC01EFD02690086BBB9 /* OpenGLES.framework in Frameworks */ = {isa = PBXBuildFile; fileRef = 84F6ACBF1EFD02690086BBB9 /* OpenGLES.framework */; };
		84F6ACC21EFD026F0086BBB9 /* QuartzCore.framework in Frameworks */ = {isa = PBXBuildFile; fileRef = 84F6ACC11EFD026F0086BBB9 /* QuartzCore.framework */; };
/* End PBXBuildFile section */

/* Begin PBXCopyFilesBuildPhase section */
		84F6ACAA1EFD01EE0086BBB9 /* Embed Frameworks */ = {
			isa = PBXCopyFilesBuildPhase;
			buildActionMask = 2147483647;
			dstPath = "";
			dstSubfolderSpec = 10;
			files = (
				84F6ACAC1EFD01F20086BBB9 /* AdobeCreativeSDKImage.framework in Embed Frameworks */,
				84F6ACA91EFD01EE0086BBB9 /* AdobeCreativeSDKCore.framework in Embed Frameworks */,
			);
			name = "Embed Frameworks";
			runOnlyForDeploymentPostprocessing = 0;
		};
/* End PBXCopyFilesBuildPhase section */

/* Begin PBXFileReference section */
		4FFB37966AB2A2629803CA6C /* Pods_Petto.framework */ = {isa = PBXFileReference; explicitFileType = wrapper.framework; includeInIndex = 0; path = Pods_Petto.framework; sourceTree = BUILT_PRODUCTS_DIR; };
		84067B521F0B6C9600F01905 /* HomeCollectionViewCell.swift */ = {isa = PBXFileReference; fileEncoding = 4; lastKnownFileType = sourcecode.swift; path = HomeCollectionViewCell.swift; sourceTree = "<group>"; };
		84067B531F0B6C9600F01905 /* HomeCollectionViewCell.xib */ = {isa = PBXFileReference; fileEncoding = 4; lastKnownFileType = file.xib; path = HomeCollectionViewCell.xib; sourceTree = "<group>"; };
		840AB7EF1F418475002EC329 /* PetDetailHeader.xib */ = {isa = PBXFileReference; fileEncoding = 4; lastKnownFileType = file.xib; path = PetDetailHeader.xib; sourceTree = "<group>"; };
		840EE9541F4C7864004E9AF8 /* SearchViewController.swift */ = {isa = PBXFileReference; fileEncoding = 4; lastKnownFileType = sourcecode.swift; path = SearchViewController.swift; sourceTree = "<group>"; };
		840EE9571F4D616C004E9AF8 /* SearchData.swift */ = {isa = PBXFileReference; fileEncoding = 4; lastKnownFileType = sourcecode.swift; path = SearchData.swift; sourceTree = "<group>"; };
		841ADB171F0CA18C00534A37 /* MessagesViewController.swift */ = {isa = PBXFileReference; fileEncoding = 4; lastKnownFileType = sourcecode.swift; path = MessagesViewController.swift; sourceTree = "<group>"; };
		8420E0AC1F29C1300088E509 /* UserViewController.swift */ = {isa = PBXFileReference; fileEncoding = 4; lastKnownFileType = sourcecode.swift; path = UserViewController.swift; sourceTree = "<group>"; };
		8420E0AE1F29C95E0088E509 /* UserEditSectionHeader.xib */ = {isa = PBXFileReference; fileEncoding = 4; lastKnownFileType = file.xib; path = UserEditSectionHeader.xib; sourceTree = "<group>"; };
		842732821F4FFA2400C32367 /* Common.swift */ = {isa = PBXFileReference; fileEncoding = 4; lastKnownFileType = sourcecode.swift; path = Common.swift; sourceTree = "<group>"; };
		842810A41F5526ED001A59D9 /* AccountViewController.swift */ = {isa = PBXFileReference; fileEncoding = 4; lastKnownFileType = sourcecode.swift; path = AccountViewController.swift; sourceTree = "<group>"; };
		845F2E3D1F42C25B00526C1F /* UserDetailViewController.swift */ = {isa = PBXFileReference; fileEncoding = 4; lastKnownFileType = sourcecode.swift; path = UserDetailViewController.swift; sourceTree = "<group>"; };
		845F2E3F1F42C41100526C1F /* UserDetailHeader.xib */ = {isa = PBXFileReference; fileEncoding = 4; lastKnownFileType = file.xib; path = UserDetailHeader.xib; sourceTree = "<group>"; };
		846705DD1F0F78BC00FFEA8D /* BaseViewController.swift */ = {isa = PBXFileReference; fileEncoding = 4; lastKnownFileType = sourcecode.swift; path = BaseViewController.swift; sourceTree = "<group>"; };
		846705E21F0F7C3D00FFEA8D /* MessageListViewController.swift */ = {isa = PBXFileReference; fileEncoding = 4; lastKnownFileType = sourcecode.swift; path = MessageListViewController.swift; sourceTree = "<group>"; };
		846705E41F0F81E400FFEA8D /* MessageListTableViewCell.swift */ = {isa = PBXFileReference; fileEncoding = 4; lastKnownFileType = sourcecode.swift; path = MessageListTableViewCell.swift; sourceTree = "<group>"; };
		846705E51F0F81E400FFEA8D /* MessageListTableViewCell.xib */ = {isa = PBXFileReference; fileEncoding = 4; lastKnownFileType = file.xib; path = MessageListTableViewCell.xib; sourceTree = "<group>"; };
		8470FD7D1F10C613002F4690 /* UserData.swift */ = {isa = PBXFileReference; fileEncoding = 4; lastKnownFileType = sourcecode.swift; path = UserData.swift; sourceTree = "<group>"; };
		847CA55D1F3ACD4E00C68672 /* LeaveViewController.swift */ = {isa = PBXFileReference; fileEncoding = 4; lastKnownFileType = sourcecode.swift; path = LeaveViewController.swift; sourceTree = "<group>"; };
		847CA5641F3AFFE400C68672 /* ConditionsCollectionViewCell.swift */ = {isa = PBXFileReference; fileEncoding = 4; lastKnownFileType = sourcecode.swift; path = ConditionsCollectionViewCell.swift; sourceTree = "<group>"; };
		847CA5651F3AFFE400C68672 /* ConditionsCollectionViewCell.xib */ = {isa = PBXFileReference; fileEncoding = 4; lastKnownFileType = file.xib; path = ConditionsCollectionViewCell.xib; sourceTree = "<group>"; };
		8480595C1F04CCB3003E2613 /* Const.swift */ = {isa = PBXFileReference; fileEncoding = 4; lastKnownFileType = sourcecode.swift; path = Const.swift; sourceTree = "<group>"; };
		8491640C1F288093007597F9 /* EditViewController.swift */ = {isa = PBXFileReference; fileEncoding = 4; lastKnownFileType = sourcecode.swift; path = EditViewController.swift; sourceTree = "<group>"; };
		8491640E1F2884B7007597F9 /* EditSectionHeader.xib */ = {isa = PBXFileReference; fileEncoding = 4; lastKnownFileType = file.xib; path = EditSectionHeader.xib; sourceTree = "<group>"; };
		849ED1E11F1CEE47003AD9F5 /* PetData.swift */ = {isa = PBXFileReference; fileEncoding = 4; lastKnownFileType = sourcecode.swift; path = PetData.swift; sourceTree = "<group>"; };
		84A544901F443E4D00CD5617 /* ReserveViewController.swift */ = {isa = PBXFileReference; fileEncoding = 4; lastKnownFileType = sourcecode.swift; path = ReserveViewController.swift; sourceTree = "<group>"; };
		84A847F31F28251200D898EC /* MyPetListViewController.swift */ = {isa = PBXFileReference; fileEncoding = 4; lastKnownFileType = sourcecode.swift; path = MyPetListViewController.swift; sourceTree = "<group>"; };
		84A847F51F2826A900D898EC /* MyPetListTableViewCell.swift */ = {isa = PBXFileReference; fileEncoding = 4; lastKnownFileType = sourcecode.swift; path = MyPetListTableViewCell.swift; sourceTree = "<group>"; };
		84A847F61F2826A900D898EC /* MyPetListTableViewCell.xib */ = {isa = PBXFileReference; fileEncoding = 4; lastKnownFileType = file.xib; path = MyPetListTableViewCell.xib; sourceTree = "<group>"; };
		84AC70E61F11E43A001F7563 /* MessageData.swift */ = {isa = PBXFileReference; fileEncoding = 4; lastKnownFileType = sourcecode.swift; path = MessageData.swift; sourceTree = "<group>"; };
		84BB421F1F413F1A007D867A /* PetDetailViewController.swift */ = {isa = PBXFileReference; fileEncoding = 4; lastKnownFileType = sourcecode.swift; path = PetDetailViewController.swift; sourceTree = "<group>"; };
		84BC45A31F2729FE0017AF53 /* Assets.xcassets */ = {isa = PBXFileReference; lastKnownFileType = folder.assetcatalog; path = Assets.xcassets; sourceTree = "<group>"; };
		84CCE0051EFB791D0025B5D3 /* Petto.app */ = {isa = PBXFileReference; explicitFileType = wrapper.application; includeInIndex = 0; path = Petto.app; sourceTree = BUILT_PRODUCTS_DIR; };
		84CCE0081EFB791D0025B5D3 /* AppDelegate.swift */ = {isa = PBXFileReference; lastKnownFileType = sourcecode.swift; path = AppDelegate.swift; sourceTree = "<group>"; };
		84CCE00A1EFB791D0025B5D3 /* ViewController.swift */ = {isa = PBXFileReference; lastKnownFileType = sourcecode.swift; path = ViewController.swift; sourceTree = "<group>"; };
		84CCE00D1EFB791D0025B5D3 /* Base */ = {isa = PBXFileReference; lastKnownFileType = file.storyboard; name = Base; path = Base.lproj/Main.storyboard; sourceTree = "<group>"; };
		84CCE0121EFB791D0025B5D3 /* Base */ = {isa = PBXFileReference; lastKnownFileType = file.storyboard; name = Base; path = Base.lproj/LaunchScreen.storyboard; sourceTree = "<group>"; };
		84CCE0141EFB791D0025B5D3 /* Info.plist */ = {isa = PBXFileReference; lastKnownFileType = text.plist.xml; path = Info.plist; sourceTree = "<group>"; };
		84CCE01A1EFB8B4B0025B5D3 /* LoginViewController.swift */ = {isa = PBXFileReference; fileEncoding = 4; lastKnownFileType = sourcecode.swift; path = LoginViewController.swift; sourceTree = "<group>"; };
		84CCE01C1EFB8C040025B5D3 /* HomeViewController.swift */ = {isa = PBXFileReference; fileEncoding = 4; lastKnownFileType = sourcecode.swift; path = HomeViewController.swift; sourceTree = "<group>"; };
		84CCE01E1EFB8C1C0025B5D3 /* ImageSelectViewController.swift */ = {isa = PBXFileReference; fileEncoding = 4; lastKnownFileType = sourcecode.swift; path = ImageSelectViewController.swift; sourceTree = "<group>"; };
		84D253071F0217D700D877A9 /* LeftViewController.swift */ = {isa = PBXFileReference; fileEncoding = 4; lastKnownFileType = sourcecode.swift; path = LeftViewController.swift; sourceTree = "<group>"; };
		84D6CD2D1F1880DC000CA101 /* ImageRow.swift */ = {isa = PBXFileReference; fileEncoding = 4; lastKnownFileType = sourcecode.swift; path = ImageRow.swift; sourceTree = "<group>"; };
		84D6CD2F1F18817E000CA101 /* ImagePickerController.swift */ = {isa = PBXFileReference; fileEncoding = 4; lastKnownFileType = sourcecode.swift; path = ImagePickerController.swift; sourceTree = "<group>"; };
		84D6CD321F18F7E3000CA101 /* CustomCells.swift */ = {isa = PBXFileReference; fileEncoding = 4; lastKnownFileType = sourcecode.swift; path = CustomCells.swift; sourceTree = "<group>"; };
		84D6CD341F18F828000CA101 /* FloatLabelTextField.swift */ = {isa = PBXFileReference; fileEncoding = 4; lastKnownFileType = sourcecode.swift; path = FloatLabelTextField.swift; sourceTree = "<group>"; };
		84DB3BF91F540A490067A680 /* BookingViewController.swift */ = {isa = PBXFileReference; fileEncoding = 4; lastKnownFileType = sourcecode.swift; path = BookingViewController.swift; sourceTree = "<group>"; };
		84DB3BFB1F543D5B0067A680 /* MessagesContainerViewController.swift */ = {isa = PBXFileReference; fileEncoding = 4; lastKnownFileType = sourcecode.swift; path = MessagesContainerViewController.swift; sourceTree = "<group>"; };
		84DB3BFD1F5453410067A680 /* RoomData.swift */ = {isa = PBXFileReference; fileEncoding = 4; lastKnownFileType = sourcecode.swift; path = RoomData.swift; sourceTree = "<group>"; };
		84F244181EFCE01400938F35 /* GoogleService-Info.plist */ = {isa = PBXFileReference; fileEncoding = 4; lastKnownFileType = text.plist.xml; name = "GoogleService-Info.plist"; path = "../GoogleService-Info.plist"; sourceTree = "<group>"; };
		84F6ACA41EFD01D30086BBB9 /* AdobeCreativeSDKCore.framework */ = {isa = PBXFileReference; lastKnownFileType = wrapper.framework; path = AdobeCreativeSDKCore.framework; sourceTree = "<group>"; };
		84F6ACA51EFD01D30086BBB9 /* AdobeCreativeSDKImage.framework */ = {isa = PBXFileReference; lastKnownFileType = wrapper.framework; path = AdobeCreativeSDKImage.framework; sourceTree = "<group>"; };
		84F6ACAD1EFD022C0086BBB9 /* libc++.tbd */ = {isa = PBXFileReference; lastKnownFileType = "sourcecode.text-based-dylib-definition"; name = "libc++.tbd"; path = "usr/lib/libc++.tbd"; sourceTree = SDKROOT; };
		84F6ACAF1EFD02350086BBB9 /* libz.tbd */ = {isa = PBXFileReference; lastKnownFileType = "sourcecode.text-based-dylib-definition"; name = libz.tbd; path = usr/lib/libz.tbd; sourceTree = SDKROOT; };
		84F6ACB11EFD023C0086BBB9 /* libz.1.2.5.tbd */ = {isa = PBXFileReference; lastKnownFileType = "sourcecode.text-based-dylib-definition"; name = libz.1.2.5.tbd; path = usr/lib/libz.1.2.5.tbd; sourceTree = SDKROOT; };
		84F6ACB31EFD02430086BBB9 /* libsqlite3.0.tbd */ = {isa = PBXFileReference; lastKnownFileType = "sourcecode.text-based-dylib-definition"; name = libsqlite3.0.tbd; path = usr/lib/libsqlite3.0.tbd; sourceTree = SDKROOT; };
		84F6ACB51EFD024A0086BBB9 /* MobileCoreServices.framework */ = {isa = PBXFileReference; lastKnownFileType = wrapper.framework; name = MobileCoreServices.framework; path = System/Library/Frameworks/MobileCoreServices.framework; sourceTree = SDKROOT; };
		84F6ACB71EFD02500086BBB9 /* SystemConfiguration.framework */ = {isa = PBXFileReference; lastKnownFileType = wrapper.framework; name = SystemConfiguration.framework; path = System/Library/Frameworks/SystemConfiguration.framework; sourceTree = SDKROOT; };
		84F6ACB91EFD02560086BBB9 /* Accelerate.framework */ = {isa = PBXFileReference; lastKnownFileType = wrapper.framework; name = Accelerate.framework; path = System/Library/Frameworks/Accelerate.framework; sourceTree = SDKROOT; };
		84F6ACBB1EFD025C0086BBB9 /* CoreData.framework */ = {isa = PBXFileReference; lastKnownFileType = wrapper.framework; name = CoreData.framework; path = System/Library/Frameworks/CoreData.framework; sourceTree = SDKROOT; };
		84F6ACBD1EFD02630086BBB9 /* MessageUI.framework */ = {isa = PBXFileReference; lastKnownFileType = wrapper.framework; name = MessageUI.framework; path = System/Library/Frameworks/MessageUI.framework; sourceTree = SDKROOT; };
		84F6ACBF1EFD02690086BBB9 /* OpenGLES.framework */ = {isa = PBXFileReference; lastKnownFileType = wrapper.framework; name = OpenGLES.framework; path = System/Library/Frameworks/OpenGLES.framework; sourceTree = SDKROOT; };
		84F6ACC11EFD026F0086BBB9 /* QuartzCore.framework */ = {isa = PBXFileReference; lastKnownFileType = wrapper.framework; name = QuartzCore.framework; path = System/Library/Frameworks/QuartzCore.framework; sourceTree = SDKROOT; };
		84F6ACC41EFD02DC0086BBB9 /* Petto-Bridging-Header.h */ = {isa = PBXFileReference; lastKnownFileType = sourcecode.c.h; path = "Petto-Bridging-Header.h"; sourceTree = "<group>"; };
		B81EF91AE6E4CACD52E5751F /* Pods-Petto.debug.xcconfig */ = {isa = PBXFileReference; includeInIndex = 1; lastKnownFileType = text.xcconfig; name = "Pods-Petto.debug.xcconfig"; path = "Pods/Target Support Files/Pods-Petto/Pods-Petto.debug.xcconfig"; sourceTree = "<group>"; };
		D1CF0AE273C1752201C0D265 /* Pods-Petto.release.xcconfig */ = {isa = PBXFileReference; includeInIndex = 1; lastKnownFileType = text.xcconfig; name = "Pods-Petto.release.xcconfig"; path = "Pods/Target Support Files/Pods-Petto/Pods-Petto.release.xcconfig"; sourceTree = "<group>"; };
/* End PBXFileReference section */

/* Begin PBXFrameworksBuildPhase section */
		84CCE0021EFB791D0025B5D3 /* Frameworks */ = {
			isa = PBXFrameworksBuildPhase;
			buildActionMask = 2147483647;
			files = (
				84F6ACC21EFD026F0086BBB9 /* QuartzCore.framework in Frameworks */,
				84F6ACC01EFD02690086BBB9 /* OpenGLES.framework in Frameworks */,
				84F6ACBE1EFD02630086BBB9 /* MessageUI.framework in Frameworks */,
				84F6ACBC1EFD025C0086BBB9 /* CoreData.framework in Frameworks */,
				84F6ACBA1EFD02560086BBB9 /* Accelerate.framework in Frameworks */,
				84F6ACB81EFD02500086BBB9 /* SystemConfiguration.framework in Frameworks */,
				84F6ACB61EFD024A0086BBB9 /* MobileCoreServices.framework in Frameworks */,
				84F6ACB41EFD02430086BBB9 /* libsqlite3.0.tbd in Frameworks */,
				84F6ACB21EFD023C0086BBB9 /* libz.1.2.5.tbd in Frameworks */,
				84F6ACB01EFD02350086BBB9 /* libz.tbd in Frameworks */,
				84F6ACAE1EFD022C0086BBB9 /* libc++.tbd in Frameworks */,
				14AE20106A61980E89F4EB7E /* Pods_Petto.framework in Frameworks */,
				84F6ACAB1EFD01F20086BBB9 /* AdobeCreativeSDKImage.framework in Frameworks */,
				84F6ACA81EFD01EE0086BBB9 /* AdobeCreativeSDKCore.framework in Frameworks */,
			);
			runOnlyForDeploymentPostprocessing = 0;
		};
/* End PBXFrameworksBuildPhase section */

/* Begin PBXGroup section */
		06FAA2B132BA87C253DF4E2A /* Frameworks */ = {
			isa = PBXGroup;
			children = (
				84F6ACC11EFD026F0086BBB9 /* QuartzCore.framework */,
				84F6ACBF1EFD02690086BBB9 /* OpenGLES.framework */,
				84F6ACBD1EFD02630086BBB9 /* MessageUI.framework */,
				84F6ACBB1EFD025C0086BBB9 /* CoreData.framework */,
				84F6ACB91EFD02560086BBB9 /* Accelerate.framework */,
				84F6ACB71EFD02500086BBB9 /* SystemConfiguration.framework */,
				84F6ACB51EFD024A0086BBB9 /* MobileCoreServices.framework */,
				84F6ACB31EFD02430086BBB9 /* libsqlite3.0.tbd */,
				84F6ACB11EFD023C0086BBB9 /* libz.1.2.5.tbd */,
				84F6ACAF1EFD02350086BBB9 /* libz.tbd */,
				84F6ACAD1EFD022C0086BBB9 /* libc++.tbd */,
				4FFB37966AB2A2629803CA6C /* Pods_Petto.framework */,
			);
			name = Frameworks;
			sourceTree = "<group>";
		};
		8457462F1F2FF73300CE5470 /* User */ = {
			isa = PBXGroup;
			children = (
				842810A41F5526ED001A59D9 /* AccountViewController.swift */,
				8420E0AC1F29C1300088E509 /* UserViewController.swift */,
				8420E0AE1F29C95E0088E509 /* UserEditSectionHeader.xib */,
				845F2E3D1F42C25B00526C1F /* UserDetailViewController.swift */,
				845F2E3F1F42C41100526C1F /* UserDetailHeader.xib */,
			);
			name = User;
			sourceTree = "<group>";
		};
		846705DF1F0F7B2300FFEA8D /* Home */ = {
			isa = PBXGroup;
			children = (
				840EE9541F4C7864004E9AF8 /* SearchViewController.swift */,
				84CCE01C1EFB8C040025B5D3 /* HomeViewController.swift */,
				84067B521F0B6C9600F01905 /* HomeCollectionViewCell.swift */,
				84067B531F0B6C9600F01905 /* HomeCollectionViewCell.xib */,
			);
			name = Home;
			sourceTree = "<group>";
		};
		846705E11F0F7BAA00FFEA8D /* Messages */ = {
			isa = PBXGroup;
			children = (
				84DB3BFB1F543D5B0067A680 /* MessagesContainerViewController.swift */,
				841ADB171F0CA18C00534A37 /* MessagesViewController.swift */,
				84DB3BF91F540A490067A680 /* BookingViewController.swift */,
				846705E21F0F7C3D00FFEA8D /* MessageListViewController.swift */,
				846705E41F0F81E400FFEA8D /* MessageListTableViewCell.swift */,
				846705E51F0F81E400FFEA8D /* MessageListTableViewCell.xib */,
				84CCE01E1EFB8C1C0025B5D3 /* ImageSelectViewController.swift */,
			);
			name = Messages;
			sourceTree = "<group>";
		};
		847CA55F1F3ACE1000C68672 /* Leave */ = {
			isa = PBXGroup;
			children = (
				847CA55D1F3ACD4E00C68672 /* LeaveViewController.swift */,
				847CA5641F3AFFE400C68672 /* ConditionsCollectionViewCell.swift */,
				847CA5651F3AFFE400C68672 /* ConditionsCollectionViewCell.xib */,
			);
			name = Leave;
			sourceTree = "<group>";
		};
		849ED1E01F1B2F60003AD9F5 /* MyPet */ = {
			isa = PBXGroup;
			children = (
				84A847F31F28251200D898EC /* MyPetListViewController.swift */,
				84A847F51F2826A900D898EC /* MyPetListTableViewCell.swift */,
				84A847F61F2826A900D898EC /* MyPetListTableViewCell.xib */,
				8491640C1F288093007597F9 /* EditViewController.swift */,
				8491640E1F2884B7007597F9 /* EditSectionHeader.xib */,
				84BB421F1F413F1A007D867A /* PetDetailViewController.swift */,
				840AB7EF1F418475002EC329 /* PetDetailHeader.xib */,
			);
			name = MyPet;
			sourceTree = "<group>";
		};
		849ED1E31F1CF912003AD9F5 /* Model */ = {
			isa = PBXGroup;
			children = (
				8480595C1F04CCB3003E2613 /* Const.swift */,
				842732821F4FFA2400C32367 /* Common.swift */,
				849ED1E11F1CEE47003AD9F5 /* PetData.swift */,
				840EE9571F4D616C004E9AF8 /* SearchData.swift */,
				8470FD7D1F10C613002F4690 /* UserData.swift */,
				84AC70E61F11E43A001F7563 /* MessageData.swift */,
				84DB3BFD1F5453410067A680 /* RoomData.swift */,
			);
			name = Model;
			sourceTree = "<group>";
		};
		84A544921F4445C500CD5617 /* Reserve */ = {
			isa = PBXGroup;
			children = (
				84A544901F443E4D00CD5617 /* ReserveViewController.swift */,
			);
			name = Reserve;
			sourceTree = "<group>";
		};
		84CCDFFC1EFB791D0025B5D3 = {
			isa = PBXGroup;
			children = (
				84CCE0071EFB791D0025B5D3 /* Petto */,
				84CCE0061EFB791D0025B5D3 /* Products */,
				A30E84074C5613E5B9CEA289 /* Pods */,
				06FAA2B132BA87C253DF4E2A /* Frameworks */,
			);
			sourceTree = "<group>";
		};
		84CCE0061EFB791D0025B5D3 /* Products */ = {
			isa = PBXGroup;
			children = (
				84CCE0051EFB791D0025B5D3 /* Petto.app */,
			);
			name = Products;
			sourceTree = "<group>";
		};
		84CCE0071EFB791D0025B5D3 /* Petto */ = {
			isa = PBXGroup;
			children = (
				84F6ACA41EFD01D30086BBB9 /* AdobeCreativeSDKCore.framework */,
				84F6ACC41EFD02DC0086BBB9 /* Petto-Bridging-Header.h */,
				84D6CD311F18819E000CA101 /* Eureka */,
				84CCE0081EFB791D0025B5D3 /* AppDelegate.swift */,
				84BC45A31F2729FE0017AF53 /* Assets.xcassets */,
				846705DD1F0F78BC00FFEA8D /* BaseViewController.swift */,
				84CCE00A1EFB791D0025B5D3 /* ViewController.swift */,
				84CCE0141EFB791D0025B5D3 /* Info.plist */,
				84F244181EFCE01400938F35 /* GoogleService-Info.plist */,
				84CCE0111EFB791D0025B5D3 /* LaunchScreen.storyboard */,
				84CCE00C1EFB791D0025B5D3 /* Main.storyboard */,
				849ED1E31F1CF912003AD9F5 /* Model */,
				84D253071F0217D700D877A9 /* LeftViewController.swift */,
				84CCE01A1EFB8B4B0025B5D3 /* LoginViewController.swift */,
				8457462F1F2FF73300CE5470 /* User */,
				846705DF1F0F7B2300FFEA8D /* Home */,
				846705E11F0F7BAA00FFEA8D /* Messages */,
				849ED1E01F1B2F60003AD9F5 /* MyPet */,
				84A544921F4445C500CD5617 /* Reserve */,
				847CA55F1F3ACE1000C68672 /* Leave */,
			);
			path = Petto;
			sourceTree = "<group>";
		};
		84D6CD311F18819E000CA101 /* Eureka */ = {
			isa = PBXGroup;
			children = (
				84F6ACA51EFD01D30086BBB9 /* AdobeCreativeSDKImage.framework */,
				84D6CD341F18F828000CA101 /* FloatLabelTextField.swift */,
				84D6CD321F18F7E3000CA101 /* CustomCells.swift */,
				84D6CD2F1F18817E000CA101 /* ImagePickerController.swift */,
				84D6CD2D1F1880DC000CA101 /* ImageRow.swift */,
			);
			name = Eureka;
			sourceTree = "<group>";
		};
		A30E84074C5613E5B9CEA289 /* Pods */ = {
			isa = PBXGroup;
			children = (
				B81EF91AE6E4CACD52E5751F /* Pods-Petto.debug.xcconfig */,
				D1CF0AE273C1752201C0D265 /* Pods-Petto.release.xcconfig */,
			);
			name = Pods;
			sourceTree = "<group>";
		};
/* End PBXGroup section */

/* Begin PBXNativeTarget section */
		84CCE0041EFB791D0025B5D3 /* Petto */ = {
			isa = PBXNativeTarget;
			buildConfigurationList = 84CCE0171EFB791D0025B5D3 /* Build configuration list for PBXNativeTarget "Petto" */;
			buildPhases = (
				CFFBA411CC0CB0F6E9C288B8 /* [CP] Check Pods Manifest.lock */,
				84CCE0011EFB791D0025B5D3 /* Sources */,
				84CCE0021EFB791D0025B5D3 /* Frameworks */,
				84CCE0031EFB791D0025B5D3 /* Resources */,
				8EE3287561B254FA10A763D2 /* [CP] Embed Pods Frameworks */,
				5A33CE4A0AD4348E73839884 /* [CP] Copy Pods Resources */,
				84F6ACAA1EFD01EE0086BBB9 /* Embed Frameworks */,
				84F6ACC31EFD02830086BBB9 /* ShellScript */,
			);
			buildRules = (
			);
			dependencies = (
			);
			name = Petto;
			productName = Petto;
			productReference = 84CCE0051EFB791D0025B5D3 /* Petto.app */;
			productType = "com.apple.product-type.application";
		};
/* End PBXNativeTarget section */

/* Begin PBXProject section */
		84CCDFFD1EFB791D0025B5D3 /* Project object */ = {
			isa = PBXProject;
			attributes = {
				LastSwiftUpdateCheck = 0830;
				LastUpgradeCheck = 0830;
				ORGANIZATIONNAME = aoi.sueki;
				TargetAttributes = {
					84CCE0041EFB791D0025B5D3 = {
						CreatedOnToolsVersion = 8.3.3;
						DevelopmentTeam = 52B62KUG6G;
						ProvisioningStyle = Automatic;
					};
				};
			};
			buildConfigurationList = 84CCE0001EFB791D0025B5D3 /* Build configuration list for PBXProject "Petto" */;
			compatibilityVersion = "Xcode 3.2";
			developmentRegion = English;
			hasScannedForEncodings = 0;
			knownRegions = (
				en,
				Base,
			);
			mainGroup = 84CCDFFC1EFB791D0025B5D3;
			productRefGroup = 84CCE0061EFB791D0025B5D3 /* Products */;
			projectDirPath = "";
			projectRoot = "";
			targets = (
				84CCE0041EFB791D0025B5D3 /* Petto */,
			);
		};
/* End PBXProject section */

/* Begin PBXResourcesBuildPhase section */
		84CCE0031EFB791D0025B5D3 /* Resources */ = {
			isa = PBXResourcesBuildPhase;
			buildActionMask = 2147483647;
			files = (
				84067B551F0B6C9600F01905 /* HomeCollectionViewCell.xib in Resources */,
				8420E0AF1F29C95E0088E509 /* UserEditSectionHeader.xib in Resources */,
				84A847F81F2826A900D898EC /* MyPetListTableViewCell.xib in Resources */,
				846705E71F0F81E400FFEA8D /* MessageListTableViewCell.xib in Resources */,
				84CCE0131EFB791D0025B5D3 /* LaunchScreen.storyboard in Resources */,
				84BC45A41F2729FE0017AF53 /* Assets.xcassets in Resources */,
				84F244191EFCE01400938F35 /* GoogleService-Info.plist in Resources */,
				84CCE00E1EFB791D0025B5D3 /* Main.storyboard in Resources */,
				845F2E401F42C41100526C1F /* UserDetailHeader.xib in Resources */,
				847CA5671F3AFFE500C68672 /* ConditionsCollectionViewCell.xib in Resources */,
				840AB7F01F418475002EC329 /* PetDetailHeader.xib in Resources */,
				8491640F1F2884B7007597F9 /* EditSectionHeader.xib in Resources */,
			);
			runOnlyForDeploymentPostprocessing = 0;
		};
/* End PBXResourcesBuildPhase section */

/* Begin PBXShellScriptBuildPhase section */
		5A33CE4A0AD4348E73839884 /* [CP] Copy Pods Resources */ = {
			isa = PBXShellScriptBuildPhase;
			buildActionMask = 2147483647;
			files = (
			);
			inputPaths = (
			);
			name = "[CP] Copy Pods Resources";
			outputPaths = (
			);
			runOnlyForDeploymentPostprocessing = 0;
			shellPath = /bin/sh;
			shellScript = "\"${SRCROOT}/Pods/Target Support Files/Pods-Petto/Pods-Petto-resources.sh\"\n";
			showEnvVarsInLog = 0;
		};
		84F6ACC31EFD02830086BBB9 /* ShellScript */ = {
			isa = PBXShellScriptBuildPhase;
			buildActionMask = 2147483647;
			files = (
			);
			inputPaths = (
			);
			outputPaths = (
			);
			runOnlyForDeploymentPostprocessing = 0;
			shellPath = /bin/sh;
			shellScript = "bash \"${BUILT_PRODUCTS_DIR}/${FRAMEWORKS_FOLDER_PATH}/AdobeCreativeSDKCore.framework/strip-frameworks.sh\"";
		};
		8EE3287561B254FA10A763D2 /* [CP] Embed Pods Frameworks */ = {
			isa = PBXShellScriptBuildPhase;
			buildActionMask = 2147483647;
			files = (
			);
			inputPaths = (
			);
			name = "[CP] Embed Pods Frameworks";
			outputPaths = (
			);
			runOnlyForDeploymentPostprocessing = 0;
			shellPath = /bin/sh;
			shellScript = "\"${SRCROOT}/Pods/Target Support Files/Pods-Petto/Pods-Petto-frameworks.sh\"\n";
			showEnvVarsInLog = 0;
		};
		CFFBA411CC0CB0F6E9C288B8 /* [CP] Check Pods Manifest.lock */ = {
			isa = PBXShellScriptBuildPhase;
			buildActionMask = 2147483647;
			files = (
			);
			inputPaths = (
			);
			name = "[CP] Check Pods Manifest.lock";
			outputPaths = (
			);
			runOnlyForDeploymentPostprocessing = 0;
			shellPath = /bin/sh;
			shellScript = "diff \"${PODS_ROOT}/../Podfile.lock\" \"${PODS_ROOT}/Manifest.lock\" > /dev/null\nif [ $? != 0 ] ; then\n    # print error to STDERR\n    echo \"error: The sandbox is not in sync with the Podfile.lock. Run 'pod install' or update your CocoaPods installation.\" >&2\n    exit 1\nfi\n";
			showEnvVarsInLog = 0;
		};
/* End PBXShellScriptBuildPhase section */

/* Begin PBXSourcesBuildPhase section */
		84CCE0011EFB791D0025B5D3 /* Sources */ = {
			isa = PBXSourcesBuildPhase;
			buildActionMask = 2147483647;
			files = (
				8491640D1F288093007597F9 /* EditViewController.swift in Sources */,
				8420E0AD1F29C1300088E509 /* UserViewController.swift in Sources */,
				84D6CD301F18817E000CA101 /* ImagePickerController.swift in Sources */,
				841ADB181F0CA18C00534A37 /* MessagesViewController.swift in Sources */,
				842732831F4FFA2400C32367 /* Common.swift in Sources */,
				846705E61F0F81E400FFEA8D /* MessageListTableViewCell.swift in Sources */,
				84A544911F443E4D00CD5617 /* ReserveViewController.swift in Sources */,
				84D6CD351F18F828000CA101 /* FloatLabelTextField.swift in Sources */,
				840EE9551F4C7864004E9AF8 /* SearchViewController.swift in Sources */,
				846705E31F0F7C3D00FFEA8D /* MessageListViewController.swift in Sources */,
				84CCE01B1EFB8B4B0025B5D3 /* LoginViewController.swift in Sources */,
				84CCE00B1EFB791D0025B5D3 /* ViewController.swift in Sources */,
				84DB3BFE1F5453410067A680 /* RoomData.swift in Sources */,
				84067B541F0B6C9600F01905 /* HomeCollectionViewCell.swift in Sources */,
				84CCE0091EFB791D0025B5D3 /* AppDelegate.swift in Sources */,
				84BB42201F413F1A007D867A /* PetDetailViewController.swift in Sources */,
				842810A51F5526ED001A59D9 /* AccountViewController.swift in Sources */,
				84CCE01F1EFB8C1C0025B5D3 /* ImageSelectViewController.swift in Sources */,
				84D6CD2E1F1880DC000CA101 /* ImageRow.swift in Sources */,
				84DB3BFC1F543D5B0067A680 /* MessagesContainerViewController.swift in Sources */,
				845F2E3E1F42C25B00526C1F /* UserDetailViewController.swift in Sources */,
				84D253081F0217D700D877A9 /* LeftViewController.swift in Sources */,
				84A847F71F2826A900D898EC /* MyPetListTableViewCell.swift in Sources */,
				847CA5661F3AFFE500C68672 /* ConditionsCollectionViewCell.swift in Sources */,
				84A847F41F28251200D898EC /* MyPetListViewController.swift in Sources */,
				84D6CD331F18F7E3000CA101 /* CustomCells.swift in Sources */,
				84AC70E71F11E43A001F7563 /* MessageData.swift in Sources */,
				846705DE1F0F78BC00FFEA8D /* BaseViewController.swift in Sources */,
				84CCE01D1EFB8C040025B5D3 /* HomeViewController.swift in Sources */,
				84DB3BFA1F540A490067A680 /* BookingViewController.swift in Sources */,
				840EE9581F4D616C004E9AF8 /* SearchData.swift in Sources */,
				847CA55E1F3ACD4E00C68672 /* LeaveViewController.swift in Sources */,
				849ED1E21F1CEE47003AD9F5 /* PetData.swift in Sources */,
				8470FD7E1F10C613002F4690 /* UserData.swift in Sources */,
				8480595D1F04CCB3003E2613 /* Const.swift in Sources */,
			);
			runOnlyForDeploymentPostprocessing = 0;
		};
/* End PBXSourcesBuildPhase section */

/* Begin PBXVariantGroup section */
		84CCE00C1EFB791D0025B5D3 /* Main.storyboard */ = {
			isa = PBXVariantGroup;
			children = (
				84CCE00D1EFB791D0025B5D3 /* Base */,
			);
			name = Main.storyboard;
			sourceTree = "<group>";
		};
		84CCE0111EFB791D0025B5D3 /* LaunchScreen.storyboard */ = {
			isa = PBXVariantGroup;
			children = (
				84CCE0121EFB791D0025B5D3 /* Base */,
			);
			name = LaunchScreen.storyboard;
			sourceTree = "<group>";
		};
/* End PBXVariantGroup section */

/* Begin XCBuildConfiguration section */
		84CCE0151EFB791D0025B5D3 /* Debug */ = {
			isa = XCBuildConfiguration;
			buildSettings = {
				ALWAYS_SEARCH_USER_PATHS = NO;
				CLANG_ANALYZER_NONNULL = YES;
				CLANG_ANALYZER_NUMBER_OBJECT_CONVERSION = YES_AGGRESSIVE;
				CLANG_CXX_LANGUAGE_STANDARD = "gnu++0x";
				CLANG_CXX_LIBRARY = "libc++";
				CLANG_ENABLE_MODULES = YES;
				CLANG_ENABLE_OBJC_ARC = YES;
				CLANG_WARN_BOOL_CONVERSION = YES;
				CLANG_WARN_CONSTANT_CONVERSION = YES;
				CLANG_WARN_DIRECT_OBJC_ISA_USAGE = YES_ERROR;
				CLANG_WARN_DOCUMENTATION_COMMENTS = YES;
				CLANG_WARN_EMPTY_BODY = YES;
				CLANG_WARN_ENUM_CONVERSION = YES;
				CLANG_WARN_INFINITE_RECURSION = YES;
				CLANG_WARN_INT_CONVERSION = YES;
				CLANG_WARN_OBJC_ROOT_CLASS = YES_ERROR;
				CLANG_WARN_SUSPICIOUS_MOVE = YES;
				CLANG_WARN_UNREACHABLE_CODE = YES;
				CLANG_WARN__DUPLICATE_METHOD_MATCH = YES;
				"CODE_SIGN_IDENTITY[sdk=iphoneos*]" = "iPhone Developer";
				COPY_PHASE_STRIP = NO;
				DEBUG_INFORMATION_FORMAT = dwarf;
				ENABLE_STRICT_OBJC_MSGSEND = YES;
				ENABLE_TESTABILITY = YES;
				GCC_C_LANGUAGE_STANDARD = gnu99;
				GCC_DYNAMIC_NO_PIC = NO;
				GCC_NO_COMMON_BLOCKS = YES;
				GCC_OPTIMIZATION_LEVEL = 0;
				GCC_PREPROCESSOR_DEFINITIONS = (
					"DEBUG=1",
					"$(inherited)",
				);
				GCC_WARN_64_TO_32_BIT_CONVERSION = YES;
				GCC_WARN_ABOUT_RETURN_TYPE = YES_ERROR;
				GCC_WARN_UNDECLARED_SELECTOR = YES;
				GCC_WARN_UNINITIALIZED_AUTOS = YES_AGGRESSIVE;
				GCC_WARN_UNUSED_FUNCTION = YES;
				GCC_WARN_UNUSED_VARIABLE = YES;
				IPHONEOS_DEPLOYMENT_TARGET = 10.3;
				MTL_ENABLE_DEBUG_INFO = YES;
				ONLY_ACTIVE_ARCH = YES;
				SDKROOT = iphoneos;
				SWIFT_ACTIVE_COMPILATION_CONDITIONS = DEBUG;
				SWIFT_OPTIMIZATION_LEVEL = "-Onone";
			};
			name = Debug;
		};
		84CCE0161EFB791D0025B5D3 /* Release */ = {
			isa = XCBuildConfiguration;
			buildSettings = {
				ALWAYS_SEARCH_USER_PATHS = NO;
				CLANG_ANALYZER_NONNULL = YES;
				CLANG_ANALYZER_NUMBER_OBJECT_CONVERSION = YES_AGGRESSIVE;
				CLANG_CXX_LANGUAGE_STANDARD = "gnu++0x";
				CLANG_CXX_LIBRARY = "libc++";
				CLANG_ENABLE_MODULES = YES;
				CLANG_ENABLE_OBJC_ARC = YES;
				CLANG_WARN_BOOL_CONVERSION = YES;
				CLANG_WARN_CONSTANT_CONVERSION = YES;
				CLANG_WARN_DIRECT_OBJC_ISA_USAGE = YES_ERROR;
				CLANG_WARN_DOCUMENTATION_COMMENTS = YES;
				CLANG_WARN_EMPTY_BODY = YES;
				CLANG_WARN_ENUM_CONVERSION = YES;
				CLANG_WARN_INFINITE_RECURSION = YES;
				CLANG_WARN_INT_CONVERSION = YES;
				CLANG_WARN_OBJC_ROOT_CLASS = YES_ERROR;
				CLANG_WARN_SUSPICIOUS_MOVE = YES;
				CLANG_WARN_UNREACHABLE_CODE = YES;
				CLANG_WARN__DUPLICATE_METHOD_MATCH = YES;
				"CODE_SIGN_IDENTITY[sdk=iphoneos*]" = "iPhone Developer";
				COPY_PHASE_STRIP = NO;
				DEBUG_INFORMATION_FORMAT = "dwarf-with-dsym";
				ENABLE_NS_ASSERTIONS = NO;
				ENABLE_STRICT_OBJC_MSGSEND = YES;
				GCC_C_LANGUAGE_STANDARD = gnu99;
				GCC_NO_COMMON_BLOCKS = YES;
				GCC_WARN_64_TO_32_BIT_CONVERSION = YES;
				GCC_WARN_ABOUT_RETURN_TYPE = YES_ERROR;
				GCC_WARN_UNDECLARED_SELECTOR = YES;
				GCC_WARN_UNINITIALIZED_AUTOS = YES_AGGRESSIVE;
				GCC_WARN_UNUSED_FUNCTION = YES;
				GCC_WARN_UNUSED_VARIABLE = YES;
				IPHONEOS_DEPLOYMENT_TARGET = 10.3;
				MTL_ENABLE_DEBUG_INFO = NO;
				SDKROOT = iphoneos;
				SWIFT_OPTIMIZATION_LEVEL = "-Owholemodule";
				VALIDATE_PRODUCT = YES;
			};
			name = Release;
		};
		84CCE0181EFB791D0025B5D3 /* Debug */ = {
			isa = XCBuildConfiguration;
			baseConfigurationReference = B81EF91AE6E4CACD52E5751F /* Pods-Petto.debug.xcconfig */;
			buildSettings = {
				ASSETCATALOG_COMPILER_APPICON_NAME = AppIcon;
				DEVELOPMENT_TEAM = 52B62KUG6G;
				FRAMEWORK_SEARCH_PATHS = (
					"$(inherited)",
					"$(PROJECT_DIR)/Petto",
				);
				INFOPLIST_FILE = Petto/Info.plist;
				LD_RUNPATH_SEARCH_PATHS = "$(inherited) @executable_path/Frameworks";
				PRODUCT_BUNDLE_IDENTIFIER = jp.aoi.sueki.Petto;
				PRODUCT_NAME = "$(TARGET_NAME)";
				SWIFT_OBJC_BRIDGING_HEADER = "Petto/Petto-Bridging-Header.h";
				SWIFT_VERSION = 3.0;
			};
			name = Debug;
		};
		84CCE0191EFB791D0025B5D3 /* Release */ = {
			isa = XCBuildConfiguration;
			baseConfigurationReference = D1CF0AE273C1752201C0D265 /* Pods-Petto.release.xcconfig */;
			buildSettings = {
				ASSETCATALOG_COMPILER_APPICON_NAME = AppIcon;
				DEVELOPMENT_TEAM = 52B62KUG6G;
				FRAMEWORK_SEARCH_PATHS = (
					"$(inherited)",
					"$(PROJECT_DIR)/Petto",
				);
				INFOPLIST_FILE = Petto/Info.plist;
				LD_RUNPATH_SEARCH_PATHS = "$(inherited) @executable_path/Frameworks";
				PRODUCT_BUNDLE_IDENTIFIER = jp.aoi.sueki.Petto;
				PRODUCT_NAME = "$(TARGET_NAME)";
				SWIFT_OBJC_BRIDGING_HEADER = "Petto/Petto-Bridging-Header.h";
				SWIFT_VERSION = 3.0;
			};
			name = Release;
		};
/* End XCBuildConfiguration section */

/* Begin XCConfigurationList section */
		84CCE0001EFB791D0025B5D3 /* Build configuration list for PBXProject "Petto" */ = {
			isa = XCConfigurationList;
			buildConfigurations = (
				84CCE0151EFB791D0025B5D3 /* Debug */,
				84CCE0161EFB791D0025B5D3 /* Release */,
			);
			defaultConfigurationIsVisible = 0;
			defaultConfigurationName = Release;
		};
		84CCE0171EFB791D0025B5D3 /* Build configuration list for PBXNativeTarget "Petto" */ = {
			isa = XCConfigurationList;
			buildConfigurations = (
				84CCE0181EFB791D0025B5D3 /* Debug */,
				84CCE0191EFB791D0025B5D3 /* Release */,
			);
			defaultConfigurationIsVisible = 0;
			defaultConfigurationName = Release;
		};
/* End XCConfigurationList section */
	};
	rootObject = 84CCDFFD1EFB791D0025B5D3 /* Project object */;
}
